
Microsoft Visual Studio Solution File, Format Version 12.00
# Visual Studio Version 17
VisualStudioVersion = 17.7.34031.279
MinimumVisualStudioVersion = 10.0.40219.1
Project("{8BC9CEB8-8B4A-11D0-8D11-00A0C91BC942}") = "0418_5846394", "0418_5846394\0418_5846394.vcxproj", "{AA30BABD-8F6F-4891-834A-113553E9133B}"
EndProject
Global
	GlobalSection(SolutionConfigurationPlatforms) = preSolution
		Debug|x64 = Debug|x64
		Debug|x86 = Debug|x86
		Release|x64 = Release|x64
		Release|x86 = Release|x86
	EndGlobalSection
	GlobalSection(ProjectConfigurationPlatforms) = postSolution
		{AA30BABD-8F6F-4891-834A-113553E9133B}.Debug|x64.ActiveCfg = Debug|x64
		{AA30BABD-8F6F-4891-834A-113553E9133B}.Debug|x64.Build.0 = Debug|x64
		{AA30BABD-8F6F-4891-834A-113553E9133B}.Debug|x86.ActiveCfg = Debug|Win32
		{AA30BABD-8F6F-4891-834A-113553E9133B}.Debug|x86.Build.0 = Debug|Win32
		{AA30BABD-8F6F-4891-834A-113553E9133B}.Release|x64.ActiveCfg = Release|x64
		{AA30BABD-8F6F-4891-834A-113553E9133B}.Release|x64.Build.0 = Release|x64
		{AA30BABD-8F6F-4891-834A-113553E9133B}.Release|x86.ActiveCfg = Release|Win32
		{AA30BABD-8F6F-4891-834A-113553E9133B}.Release|x86.Build.0 = Release|Win32
	EndGlobalSection
	GlobalSection(SolutionProperties) = preSolution
		HideSolutionNode = FALSE
	EndGlobalSection
	GlobalSection(ExtensibilityGlobals) = postSolution
		SolutionGuid = {9F8016D2-43A3-4999-8E65-F260F8CA4B43}
	EndGlobalSection
EndGlobal
